// !$*UTF8*$!
{
	archiveVersion = 1;
	classes = {
	};
	objectVersion = 50;
	objects = {

/* Begin PBXBuildFile section */
		BE0E68CD2694837100D0C95C /* GitHubRepoSearchApp.swift in Sources */ = {isa = PBXBuildFile; fileRef = BE0E68CC2694837100D0C95C /* GitHubRepoSearchApp.swift */; };
		BE0E68CF2694837100D0C95C /* ContentView.swift in Sources */ = {isa = PBXBuildFile; fileRef = BE0E68CE2694837100D0C95C /* ContentView.swift */; };
		BE0E68D12694837100D0C95C /* Assets.xcassets in Resources */ = {isa = PBXBuildFile; fileRef = BE0E68D02694837100D0C95C /* Assets.xcassets */; };
		BE0E68D42694837100D0C95C /* Preview Assets.xcassets in Resources */ = {isa = PBXBuildFile; fileRef = BE0E68D32694837100D0C95C /* Preview Assets.xcassets */; };
		BE0E68DF2694837200D0C95C /* GitHubRepoSearchTests.swift in Sources */ = {isa = PBXBuildFile; fileRef = BE0E68DE2694837200D0C95C /* GitHubRepoSearchTests.swift */; };
		BE0E68F82694871B00D0C95C /* GitHubSearch.swift in Sources */ = {isa = PBXBuildFile; fileRef = BE0E68F72694871B00D0C95C /* GitHubSearch.swift */; };
		BE0E68FA2694891900D0C95C /* API.swift in Sources */ = {isa = PBXBuildFile; fileRef = BE0E68F92694891900D0C95C /* API.swift */; };
		BE92ED5726953AB5007407F0 /* GitHubRepo.swift in Sources */ = {isa = PBXBuildFile; fileRef = BE92ED5626953AB5007407F0 /* GitHubRepo.swift */; };
		BE92ED5A26967E51007407F0 /* RepoView.swift in Sources */ = {isa = PBXBuildFile; fileRef = BE92ED5926967E51007407F0 /* RepoView.swift */; };
		BE92ED5D269698E7007407F0 /* MockSearchPage1.json in Resources */ = {isa = PBXBuildFile; fileRef = BE92ED5C269698E7007407F0 /* MockSearchPage1.json */; };
		BE92ED5F269698FA007407F0 /* MockSearchPage2.json in Resources */ = {isa = PBXBuildFile; fileRef = BE92ED5E269698FA007407F0 /* MockSearchPage2.json */; };
		BE92ED6126969945007407F0 /* StubURLSession.swift in Sources */ = {isa = PBXBuildFile; fileRef = BE92ED6026969945007407F0 /* StubURLSession.swift */; };
/* End PBXBuildFile section */

/* Begin PBXContainerItemProxy section */
		BE0E68DB2694837100D0C95C /* PBXContainerItemProxy */ = {
			isa = PBXContainerItemProxy;
			containerPortal = BE0E68C12694837000D0C95C /* Project object */;
			proxyType = 1;
			remoteGlobalIDString = BE0E68C82694837100D0C95C;
			remoteInfo = GitHubRepoSearch;
		};
/* End PBXContainerItemProxy section */

/* Begin PBXFileReference section */
		BE0E68C92694837100D0C95C /* GitHubRepoSearch.app */ = {isa = PBXFileReference; explicitFileType = wrapper.application; includeInIndex = 0; path = GitHubRepoSearch.app; sourceTree = BUILT_PRODUCTS_DIR; };
		BE0E68CC2694837100D0C95C /* GitHubRepoSearchApp.swift */ = {isa = PBXFileReference; lastKnownFileType = sourcecode.swift; path = GitHubRepoSearchApp.swift; sourceTree = "<group>"; };
		BE0E68CE2694837100D0C95C /* ContentView.swift */ = {isa = PBXFileReference; lastKnownFileType = sourcecode.swift; path = ContentView.swift; sourceTree = "<group>"; };
		BE0E68D02694837100D0C95C /* Assets.xcassets */ = {isa = PBXFileReference; lastKnownFileType = folder.assetcatalog; path = Assets.xcassets; sourceTree = "<group>"; };
		BE0E68D32694837100D0C95C /* Preview Assets.xcassets */ = {isa = PBXFileReference; lastKnownFileType = folder.assetcatalog; path = "Preview Assets.xcassets"; sourceTree = "<group>"; };
		BE0E68D52694837100D0C95C /* Info.plist */ = {isa = PBXFileReference; lastKnownFileType = text.plist.xml; path = Info.plist; sourceTree = "<group>"; };
		BE0E68DA2694837100D0C95C /* GitHubRepoSearchTests.xctest */ = {isa = PBXFileReference; explicitFileType = wrapper.cfbundle; includeInIndex = 0; path = GitHubRepoSearchTests.xctest; sourceTree = BUILT_PRODUCTS_DIR; };
		BE0E68DE2694837200D0C95C /* GitHubRepoSearchTests.swift */ = {isa = PBXFileReference; lastKnownFileType = sourcecode.swift; path = GitHubRepoSearchTests.swift; sourceTree = "<group>"; };
		BE0E68E02694837200D0C95C /* Info.plist */ = {isa = PBXFileReference; lastKnownFileType = text.plist.xml; path = Info.plist; sourceTree = "<group>"; };
		BE0E68F72694871B00D0C95C /* GitHubSearch.swift */ = {isa = PBXFileReference; lastKnownFileType = sourcecode.swift; path = GitHubSearch.swift; sourceTree = "<group>"; };
		BE0E68F92694891900D0C95C /* API.swift */ = {isa = PBXFileReference; lastKnownFileType = sourcecode.swift; path = API.swift; sourceTree = "<group>"; };
		BE92ED5626953AB5007407F0 /* GitHubRepo.swift */ = {isa = PBXFileReference; lastKnownFileType = sourcecode.swift; path = GitHubRepo.swift; sourceTree = "<group>"; };
		BE92ED5926967E51007407F0 /* RepoView.swift */ = {isa = PBXFileReference; lastKnownFileType = sourcecode.swift; path = RepoView.swift; sourceTree = "<group>"; };
		BE92ED5C269698E7007407F0 /* MockSearchPage1.json */ = {isa = PBXFileReference; lastKnownFileType = text.json; path = MockSearchPage1.json; sourceTree = "<group>"; };
		BE92ED5E269698FA007407F0 /* MockSearchPage2.json */ = {isa = PBXFileReference; lastKnownFileType = text.json; path = MockSearchPage2.json; sourceTree = "<group>"; };
		BE92ED6026969945007407F0 /* StubURLSession.swift */ = {isa = PBXFileReference; lastKnownFileType = sourcecode.swift; path = StubURLSession.swift; sourceTree = "<group>"; };
		BE92ED632696AAF1007407F0 /* README.md */ = {isa = PBXFileReference; lastKnownFileType = net.daringfireball.markdown; path = README.md; sourceTree = "<group>"; };
/* End PBXFileReference section */

/* Begin PBXFrameworksBuildPhase section */
		BE0E68C62694837100D0C95C /* Frameworks */ = {
			isa = PBXFrameworksBuildPhase;
			buildActionMask = 2147483647;
			files = (
			);
			runOnlyForDeploymentPostprocessing = 0;
		};
		BE0E68D72694837100D0C95C /* Frameworks */ = {
			isa = PBXFrameworksBuildPhase;
			buildActionMask = 2147483647;
			files = (
			);
			runOnlyForDeploymentPostprocessing = 0;
		};
/* End PBXFrameworksBuildPhase section */

/* Begin PBXGroup section */
		BE0E68C02694837000D0C95C = {
			isa = PBXGroup;
			children = (
				BE92ED632696AAF1007407F0 /* README.md */,
				BE0E68CB2694837100D0C95C /* GitHubRepoSearch */,
				BE0E68DD2694837200D0C95C /* GitHubRepoSearchTests */,
				BE0E68CA2694837100D0C95C /* Products */,
			);
			sourceTree = "<group>";
		};
		BE0E68CA2694837100D0C95C /* Products */ = {
			isa = PBXGroup;
			children = (
				BE0E68C92694837100D0C95C /* GitHubRepoSearch.app */,
				BE0E68DA2694837100D0C95C /* GitHubRepoSearchTests.xctest */,
			);
			name = Products;
			sourceTree = "<group>";
		};
		BE0E68CB2694837100D0C95C /* GitHubRepoSearch */ = {
			isa = PBXGroup;
			children = (
				BE0E68CC2694837100D0C95C /* GitHubRepoSearchApp.swift */,
				BE92ED5B2696947D007407F0 /* View */,
				BE92ED582695C651007407F0 /* Model */,
				BE92ED53269530FA007407F0 /* API */,
				BE0E68D02694837100D0C95C /* Assets.xcassets */,
				BE0E68D52694837100D0C95C /* Info.plist */,
				BE0E68D22694837100D0C95C /* Preview Content */,
			);
			path = GitHubRepoSearch;
			sourceTree = "<group>";
		};
		BE0E68D22694837100D0C95C /* Preview Content */ = {
			isa = PBXGroup;
			children = (
				BE0E68D32694837100D0C95C /* Preview Assets.xcassets */,
			);
			path = "Preview Content";
			sourceTree = "<group>";
		};
		BE0E68DD2694837200D0C95C /* GitHubRepoSearchTests */ = {
			isa = PBXGroup;
			children = (
				BE0E68DE2694837200D0C95C /* GitHubRepoSearchTests.swift */,
				BE0E68E02694837200D0C95C /* Info.plist */,
			);
			path = GitHubRepoSearchTests;
			sourceTree = "<group>";
		};
		BE92ED53269530FA007407F0 /* API */ = {
			isa = PBXGroup;
			children = (
				BE0E68F92694891900D0C95C /* API.swift */,
				BE92ED6026969945007407F0 /* StubURLSession.swift */,
				BE92ED5C269698E7007407F0 /* MockSearchPage1.json */,
				BE92ED5E269698FA007407F0 /* MockSearchPage2.json */,
			);
			path = API;
			sourceTree = "<group>";
		};
		BE92ED582695C651007407F0 /* Model */ = {
			isa = PBXGroup;
			children = (
				BE0E68F72694871B00D0C95C /* GitHubSearch.swift */,
				BE92ED5626953AB5007407F0 /* GitHubRepo.swift */,
			);
			path = Model;
			sourceTree = "<group>";
		};
		BE92ED5B2696947D007407F0 /* View */ = {
			isa = PBXGroup;
			children = (
				BE0E68CE2694837100D0C95C /* ContentView.swift */,
				BE92ED5926967E51007407F0 /* RepoView.swift */,
			);
			path = View;
			sourceTree = "<group>";
		};
/* End PBXGroup section */

/* Begin PBXNativeTarget section */
		BE0E68C82694837100D0C95C /* GitHubRepoSearch */ = {
			isa = PBXNativeTarget;
			buildConfigurationList = BE0E68EE2694837200D0C95C /* Build configuration list for PBXNativeTarget "GitHubRepoSearch" */;
			buildPhases = (
				BE0E68C52694837100D0C95C /* Sources */,
				BE0E68C62694837100D0C95C /* Frameworks */,
				BE0E68C72694837100D0C95C /* Resources */,
			);
			buildRules = (
			);
			dependencies = (
			);
			name = GitHubRepoSearch;
			productName = GitHubRepoSearch;
			productReference = BE0E68C92694837100D0C95C /* GitHubRepoSearch.app */;
			productType = "com.apple.product-type.application";
		};
		BE0E68D92694837100D0C95C /* GitHubRepoSearchTests */ = {
			isa = PBXNativeTarget;
			buildConfigurationList = BE0E68F12694837200D0C95C /* Build configuration list for PBXNativeTarget "GitHubRepoSearchTests" */;
			buildPhases = (
				BE0E68D62694837100D0C95C /* Sources */,
				BE0E68D72694837100D0C95C /* Frameworks */,
				BE0E68D82694837100D0C95C /* Resources */,
			);
			buildRules = (
			);
			dependencies = (
				BE0E68DC2694837100D0C95C /* PBXTargetDependency */,
			);
			name = GitHubRepoSearchTests;
			productName = GitHubRepoSearchTests;
			productReference = BE0E68DA2694837100D0C95C /* GitHubRepoSearchTests.xctest */;
			productType = "com.apple.product-type.bundle.unit-test";
		};
/* End PBXNativeTarget section */

/* Begin PBXProject section */
		BE0E68C12694837000D0C95C /* Project object */ = {
			isa = PBXProject;
			attributes = {
				LastSwiftUpdateCheck = 1250;
				LastUpgradeCheck = 1250;
				TargetAttributes = {
					BE0E68C82694837100D0C95C = {
						CreatedOnToolsVersion = 12.5.1;
					};
					BE0E68D92694837100D0C95C = {
						CreatedOnToolsVersion = 12.5.1;
						TestTargetID = BE0E68C82694837100D0C95C;
					};
				};
			};
			buildConfigurationList = BE0E68C42694837000D0C95C /* Build configuration list for PBXProject "GitHubRepoSearch" */;
			compatibilityVersion = "Xcode 9.3";
			developmentRegion = en;
			hasScannedForEncodings = 0;
			knownRegions = (
				en,
				Base,
			);
			mainGroup = BE0E68C02694837000D0C95C;
			productRefGroup = BE0E68CA2694837100D0C95C /* Products */;
			projectDirPath = "";
			projectRoot = "";
			targets = (
				BE0E68C82694837100D0C95C /* GitHubRepoSearch */,
				BE0E68D92694837100D0C95C /* GitHubRepoSearchTests */,
			);
		};
/* End PBXProject section */

/* Begin PBXResourcesBuildPhase section */
		BE0E68C72694837100D0C95C /* Resources */ = {
			isa = PBXResourcesBuildPhase;
			buildActionMask = 2147483647;
			files = (
				BE0E68D42694837100D0C95C /* Preview Assets.xcassets in Resources */,
				BE0E68D12694837100D0C95C /* Assets.xcassets in Resources */,
				BE92ED5F269698FA007407F0 /* MockSearchPage2.json in Resources */,
				BE92ED5D269698E7007407F0 /* MockSearchPage1.json in Resources */,
			);
			runOnlyForDeploymentPostprocessing = 0;
		};
		BE0E68D82694837100D0C95C /* Resources */ = {
			isa = PBXResourcesBuildPhase;
			buildActionMask = 2147483647;
			files = (
			);
			runOnlyForDeploymentPostprocessing = 0;
		};
/* End PBXResourcesBuildPhase section */

/* Begin PBXSourcesBuildPhase section */
		BE0E68C52694837100D0C95C /* Sources */ = {
			isa = PBXSourcesBuildPhase;
			buildActionMask = 2147483647;
			files = (
				BE0E68CF2694837100D0C95C /* ContentView.swift in Sources */,
				BE0E68CD2694837100D0C95C /* GitHubRepoSearchApp.swift in Sources */,
				BE0E68FA2694891900D0C95C /* API.swift in Sources */,
				BE92ED5726953AB5007407F0 /* GitHubRepo.swift in Sources */,
				BE92ED5A26967E51007407F0 /* RepoView.swift in Sources */,
				BE92ED6126969945007407F0 /* StubURLSession.swift in Sources */,
				BE0E68F82694871B00D0C95C /* GitHubSearch.swift in Sources */,
			);
			runOnlyForDeploymentPostprocessing = 0;
		};
		BE0E68D62694837100D0C95C /* Sources */ = {
			isa = PBXSourcesBuildPhase;
			buildActionMask = 2147483647;
			files = (
				BE0E68DF2694837200D0C95C /* GitHubRepoSearchTests.swift in Sources */,
			);
			runOnlyForDeploymentPostprocessing = 0;
		};
/* End PBXSourcesBuildPhase section */

/* Begin PBXTargetDependency section */
		BE0E68DC2694837100D0C95C /* PBXTargetDependency */ = {
			isa = PBXTargetDependency;
			target = BE0E68C82694837100D0C95C /* GitHubRepoSearch */;
			targetProxy = BE0E68DB2694837100D0C95C /* PBXContainerItemProxy */;
		};
/* End PBXTargetDependency section */

/* Begin XCBuildConfiguration section */
		BE0E68EC2694837200D0C95C /* Debug */ = {
			isa = XCBuildConfiguration;
			buildSettings = {
				ALWAYS_SEARCH_USER_PATHS = NO;
				CLANG_ANALYZER_NONNULL = YES;
				CLANG_ANALYZER_NUMBER_OBJECT_CONVERSION = YES_AGGRESSIVE;
				CLANG_CXX_LANGUAGE_STANDARD = "gnu++14";
				CLANG_CXX_LIBRARY = "libc++";
				CLANG_ENABLE_MODULES = YES;
				CLANG_ENABLE_OBJC_ARC = YES;
				CLANG_ENABLE_OBJC_WEAK = YES;
				CLANG_WARN_BLOCK_CAPTURE_AUTORELEASING = YES;
				CLANG_WARN_BOOL_CONVERSION = YES;
				CLANG_WARN_COMMA = YES;
				CLANG_WARN_CONSTANT_CONVERSION = YES;
				CLANG_WARN_DEPRECATED_OBJC_IMPLEMENTATIONS = YES;
				CLANG_WARN_DIRECT_OBJC_ISA_USAGE = YES_ERROR;
				CLANG_WARN_DOCUMENTATION_COMMENTS = YES;
				CLANG_WARN_EMPTY_BODY = YES;
				CLANG_WARN_ENUM_CONVERSION = YES;
				CLANG_WARN_INFINITE_RECURSION = YES;
				CLANG_WARN_INT_CONVERSION = YES;
				CLANG_WARN_NON_LITERAL_NULL_CONVERSION = YES;
				CLANG_WARN_OBJC_IMPLICIT_RETAIN_SELF = YES;
				CLANG_WARN_OBJC_LITERAL_CONVERSION = YES;
				CLANG_WARN_OBJC_ROOT_CLASS = YES_ERROR;
				CLANG_WARN_QUOTED_INCLUDE_IN_FRAMEWORK_HEADER = YES;
				CLANG_WARN_RANGE_LOOP_ANALYSIS = YES;
				CLANG_WARN_STRICT_PROTOTYPES = YES;
				CLANG_WARN_SUSPICIOUS_MOVE = YES;
				CLANG_WARN_UNGUARDED_AVAILABILITY = YES_AGGRESSIVE;
				CLANG_WARN_UNREACHABLE_CODE = YES;
				CLANG_WARN__DUPLICATE_METHOD_MATCH = YES;
				COPY_PHASE_STRIP = NO;
				DEBUG_INFORMATION_FORMAT = dwarf;
				ENABLE_STRICT_OBJC_MSGSEND = YES;
				ENABLE_TESTABILITY = YES;
				GCC_C_LANGUAGE_STANDARD = gnu11;
				GCC_DYNAMIC_NO_PIC = NO;
				GCC_NO_COMMON_BLOCKS = YES;
				GCC_OPTIMIZATION_LEVEL = 0;
				GCC_PREPROCESSOR_DEFINITIONS = (
					"DEBUG=1",
					"$(inherited)",
				);
				GCC_WARN_64_TO_32_BIT_CONVERSION = YES;
				GCC_WARN_ABOUT_RETURN_TYPE = YES_ERROR;
				GCC_WARN_UNDECLARED_SELECTOR = YES;
				GCC_WARN_UNINITIALIZED_AUTOS = YES_AGGRESSIVE;
				GCC_WARN_UNUSED_FUNCTION = YES;
				GCC_WARN_UNUSED_VARIABLE = YES;
				IPHONEOS_DEPLOYMENT_TARGET = 14.5;
				MTL_ENABLE_DEBUG_INFO = INCLUDE_SOURCE;
				MTL_FAST_MATH = YES;
				ONLY_ACTIVE_ARCH = YES;
				SDKROOT = iphoneos;
				SWIFT_ACTIVE_COMPILATION_CONDITIONS = DEBUG;
				SWIFT_OPTIMIZATION_LEVEL = "-Onone";
			};
			name = Debug;
		};
		BE0E68ED2694837200D0C95C /* Release */ = {
			isa = XCBuildConfiguration;
			buildSettings = {
				ALWAYS_SEARCH_USER_PATHS = NO;
				CLANG_ANALYZER_NONNULL = YES;
				CLANG_ANALYZER_NUMBER_OBJECT_CONVERSION = YES_AGGRESSIVE;
				CLANG_CXX_LANGUAGE_STANDARD = "gnu++14";
				CLANG_CXX_LIBRARY = "libc++";
				CLANG_ENABLE_MODULES = YES;
				CLANG_ENABLE_OBJC_ARC = YES;
				CLANG_ENABLE_OBJC_WEAK = YES;
				CLANG_WARN_BLOCK_CAPTURE_AUTORELEASING = YES;
				CLANG_WARN_BOOL_CONVERSION = YES;
				CLANG_WARN_COMMA = YES;
				CLANG_WARN_CONSTANT_CONVERSION = YES;
				CLANG_WARN_DEPRECATED_OBJC_IMPLEMENTATIONS = YES;
				CLANG_WARN_DIRECT_OBJC_ISA_USAGE = YES_ERROR;
				CLANG_WARN_DOCUMENTATION_COMMENTS = YES;
				CLANG_WARN_EMPTY_BODY = YES;
				CLANG_WARN_ENUM_CONVERSION = YES;
				CLANG_WARN_INFINITE_RECURSION = YES;
				CLANG_WARN_INT_CONVERSION = YES;
				CLANG_WARN_NON_LITERAL_NULL_CONVERSION = YES;
				CLANG_WARN_OBJC_IMPLICIT_RETAIN_SELF = YES;
				CLANG_WARN_OBJC_LITERAL_CONVERSION = YES;
				CLANG_WARN_OBJC_ROOT_CLASS = YES_ERROR;
				CLANG_WARN_QUOTED_INCLUDE_IN_FRAMEWORK_HEADER = YES;
				CLANG_WARN_RANGE_LOOP_ANALYSIS = YES;
				CLANG_WARN_STRICT_PROTOTYPES = YES;
				CLANG_WARN_SUSPICIOUS_MOVE = YES;
				CLANG_WARN_UNGUARDED_AVAILABILITY = YES_AGGRESSIVE;
				CLANG_WARN_UNREACHABLE_CODE = YES;
				CLANG_WARN__DUPLICATE_METHOD_MATCH = YES;
				COPY_PHASE_STRIP = NO;
				DEBUG_INFORMATION_FORMAT = "dwarf-with-dsym";
				ENABLE_NS_ASSERTIONS = NO;
				ENABLE_STRICT_OBJC_MSGSEND = YES;
				GCC_C_LANGUAGE_STANDARD = gnu11;
				GCC_NO_COMMON_BLOCKS = YES;
				GCC_WARN_64_TO_32_BIT_CONVERSION = YES;
				GCC_WARN_ABOUT_RETURN_TYPE = YES_ERROR;
				GCC_WARN_UNDECLARED_SELECTOR = YES;
				GCC_WARN_UNINITIALIZED_AUTOS = YES_AGGRESSIVE;
				GCC_WARN_UNUSED_FUNCTION = YES;
				GCC_WARN_UNUSED_VARIABLE = YES;
				IPHONEOS_DEPLOYMENT_TARGET = 14.5;
				MTL_ENABLE_DEBUG_INFO = NO;
				MTL_FAST_MATH = YES;
				SDKROOT = iphoneos;
				SWIFT_COMPILATION_MODE = wholemodule;
				SWIFT_OPTIMIZATION_LEVEL = "-O";
				VALIDATE_PRODUCT = YES;
			};
			name = Release;
		};
		BE0E68EF2694837200D0C95C /* Debug */ = {
			isa = XCBuildConfiguration;
			buildSettings = {
				ASSETCATALOG_COMPILER_APPICON_NAME = AppIcon;
				ASSETCATALOG_COMPILER_GLOBAL_ACCENT_COLOR_NAME = AccentColor;
				CODE_SIGN_STYLE = Automatic;
				DEVELOPMENT_ASSET_PATHS = "\"GitHubRepoSearch/Preview Content\"";
				DEVELOPMENT_TEAM = 94MBHXKUB6;
				ENABLE_PREVIEWS = YES;
				INFOPLIST_FILE = GitHubRepoSearch/Info.plist;
				IPHONEOS_DEPLOYMENT_TARGET = 14.0;
				LD_RUNPATH_SEARCH_PATHS = (
					"$(inherited)",
					"@executable_path/Frameworks",
				);
				PRODUCT_BUNDLE_IDENTIFIER = com.WayneHsiao.GitHubRepoSearch;
				PRODUCT_NAME = "$(TARGET_NAME)";
				SWIFT_VERSION = 5.0;
				TARGETED_DEVICE_FAMILY = "1,2";
			};
			name = Debug;
		};
		BE0E68F02694837200D0C95C /* Release */ = {
			isa = XCBuildConfiguration;
			buildSettings = {
				ASSETCATALOG_COMPILER_APPICON_NAME = AppIcon;
				ASSETCATALOG_COMPILER_GLOBAL_ACCENT_COLOR_NAME = AccentColor;
				CODE_SIGN_STYLE = Automatic;
				DEVELOPMENT_ASSET_PATHS = "\"GitHubRepoSearch/Preview Content\"";
				DEVELOPMENT_TEAM = 94MBHXKUB6;
				ENABLE_PREVIEWS = YES;
				INFOPLIST_FILE = GitHubRepoSearch/Info.plist;
				IPHONEOS_DEPLOYMENT_TARGET = 14.0;
				LD_RUNPATH_SEARCH_PATHS = (
					"$(inherited)",
					"@executable_path/Frameworks",
				);
				PRODUCT_BUNDLE_IDENTIFIER = com.WayneHsiao.GitHubRepoSearch;
				PRODUCT_NAME = "$(TARGET_NAME)";
				SWIFT_VERSION = 5.0;
				TARGETED_DEVICE_FAMILY = "1,2";
			};
			name = Release;
		};
		BE0E68F22694837200D0C95C /* Debug */ = {
			isa = XCBuildConfiguration;
			buildSettings = {
				ALWAYS_EMBED_SWIFT_STANDARD_LIBRARIES = YES;
				BUNDLE_LOADER = "$(TEST_HOST)";
				CODE_SIGN_STYLE = Automatic;
				DEVELOPMENT_TEAM = 94MBHXKUB6;
				INFOPLIST_FILE = GitHubRepoSearchTests/Info.plist;
				IPHONEOS_DEPLOYMENT_TARGET = 14.0;
				LD_RUNPATH_SEARCH_PATHS = (
					"$(inherited)",
					"@executable_path/Frameworks",
					"@loader_path/Frameworks",
				);
				PRODUCT_BUNDLE_IDENTIFIER = com.WayneHsiao.GitHubRepoSearchTests;
				PRODUCT_NAME = "$(TARGET_NAME)";
				SWIFT_VERSION = 5.0;
				TARGETED_DEVICE_FAMILY = "1,2";
				TEST_HOST = "$(BUILT_PRODUCTS_DIR)/GitHubRepoSearch.app/GitHubRepoSearch";
			};
			name = Debug;
		};
		BE0E68F32694837200D0C95C /* Release */ = {
			isa = XCBuildConfiguration;
			buildSettings = {
				ALWAYS_EMBED_SWIFT_STANDARD_LIBRARIES = YES;
				BUNDLE_LOADER = "$(TEST_HOST)";
				CODE_SIGN_STYLE = Automatic;
				DEVELOPMENT_TEAM = 94MBHXKUB6;
				INFOPLIST_FILE = GitHubRepoSearchTests/Info.plist;
				IPHONEOS_DEPLOYMENT_TARGET = 14.0;
				LD_RUNPATH_SEARCH_PATHS = (
					"$(inherited)",
					"@executable_path/Frameworks",
					"@loader_path/Frameworks",
				);
				PRODUCT_BUNDLE_IDENTIFIER = com.WayneHsiao.GitHubRepoSearchTests;
				PRODUCT_NAME = "$(TARGET_NAME)";
				SWIFT_VERSION = 5.0;
				TARGETED_DEVICE_FAMILY = "1,2";
				TEST_HOST = "$(BUILT_PRODUCTS_DIR)/GitHubRepoSearch.app/GitHubRepoSearch";
			};
			name = Release;
		};
/* End XCBuildConfiguration section */

/* Begin XCConfigurationList section */
		BE0E68C42694837000D0C95C /* Build configuration list for PBXProject "GitHubRepoSearch" */ = {
			isa = XCConfigurationList;
			buildConfigurations = (
				BE0E68EC2694837200D0C95C /* Debug */,
				BE0E68ED2694837200D0C95C /* Release */,
			);
			defaultConfigurationIsVisible = 0;
			defaultConfigurationName = Release;
		};
		BE0E68EE2694837200D0C95C /* Build configuration list for PBXNativeTarget "GitHubRepoSearch" */ = {
			isa = XCConfigurationList;
			buildConfigurations = (
				BE0E68EF2694837200D0C95C /* Debug */,
				BE0E68F02694837200D0C95C /* Release */,
			);
			defaultConfigurationIsVisible = 0;
			defaultConfigurationName = Release;
		};
		BE0E68F12694837200D0C95C /* Build configuration list for PBXNativeTarget "GitHubRepoSearchTests" */ = {
			isa = XCConfigurationList;
			buildConfigurations = (
				BE0E68F22694837200D0C95C /* Debug */,
				BE0E68F32694837200D0C95C /* Release */,
			);
			defaultConfigurationIsVisible = 0;
			defaultConfigurationName = Release;
		};
/* End XCConfigurationList section */
	};
	rootObject = BE0E68C12694837000D0C95C /* Project object */;
}
